
Microsoft Visual Studio Solution File, Format Version 12.00
# Visual Studio Version 17
VisualStudioVersion = 17.5.33530.505
MinimumVisualStudioVersion = 10.0.40219.1
Project("{FAE04EC0-301F-11D3-BF4B-00C04F79EFBC}") = "suitcaseV2", "suitcaseV2.csproj", "{A8CA6302-570E-4E48-9A12-F8704F70F57F}"
EndProject
Global
	GlobalSection(SolutionConfigurationPlatforms) = preSolution
		Debug|Any CPU = Debug|Any CPU
		Release|Any CPU = Release|Any CPU
	EndGlobalSection
	GlobalSection(ProjectConfigurationPlatforms) = postSolution
		{A8CA6302-570E-4E48-9A12-F8704F70F57F}.Debug|Any CPU.ActiveCfg = Debug|Any CPU
		{A8CA6302-570E-4E48-9A12-F8704F70F57F}.Debug|Any CPU.Build.0 = Debug|Any CPU
		{A8CA6302-570E-4E48-9A12-F8704F70F57F}.Release|Any CPU.ActiveCfg = Release|Any CPU
		{A8CA6302-570E-4E48-9A12-F8704F70F57F}.Release|Any CPU.Build.0 = Release|Any CPU
	EndGlobalSection
	GlobalSection(SolutionProperties) = preSolution
		HideSolutionNode = FALSE
	EndGlobalSection
	GlobalSection(ExtensibilityGlobals) = postSolution
		SolutionGuid = {7483ABA0-707B-4142-8345-C8230BB209F4}
	EndGlobalSection
EndGlobal
